<?xml version="1.0" encoding="UTF-8" standalone="yes" ?>
<CodeBlocks_project_file>
	<FileVersion major="1" minor="6" />
	<Project>
		<Option title="debuggame" />
		<Option pch_mode="2" />
		<Option compiler="gcc" />
		<Build>
			<Target title="debug">
				<Option output="bin/debug/debuggame" prefix_auto="1" extension_auto="1" />
				<Option object_output="obj/debug/" />
				<Option type="1" />
				<Option compiler="gcc" />
				<Compiler>
					<Add option="-g" />
				</Compiler>
			</Target>
			<Target title="release">
				<Option output="bin/release/debuggame" prefix_auto="1" extension_auto="1" />
				<Option object_output="obj/release/" />
				<Option type="1" />
				<Option compiler="gcc" />
				<Compiler>
					<Add option="-O2" />
				</Compiler>
				<Linker>
					<Add option="-s" />
				</Linker>
			</Target>
		</Build>
		<Compiler>
			<Add option="-std=c++11" />
			<Add option="-DNESSENGINE_STATIC" />
			<Add option="-DUSE_MINIZ" />
			<Add option="-DSDL_MAIN_HANDLED" />
		</Compiler>
		<Linker>
			<Add option="-lmingw32 -lSDL2main -lSDL2 -lSDL2_image -lSDL2_ttf -ltinyxml2" />
		</Linker>
		<Unit filename="src/Entity/Character.cpp" />
		<Unit filename="src/Entity/Character.h" />
		<Unit filename="src/Entity/Entity.cpp" />
		<Unit filename="src/Entity/Entity.h" />
		<Unit filename="src/Entity/Map.cpp" />
		<Unit filename="src/Entity/Map.h" />
		<Unit filename="src/Entity/tmxparser/Tmx.h" />
		<Unit filename="src/Entity/tmxparser/TmxEllipse.cpp" />
		<Unit filename="src/Entity/tmxparser/TmxEllipse.h" />
		<Unit filename="src/Entity/tmxparser/TmxImage.cpp" />
		<Unit filename="src/Entity/tmxparser/TmxImage.h" />
		<Unit filename="src/Entity/tmxparser/TmxImageLayer.cpp" />
		<Unit filename="src/Entity/tmxparser/TmxImageLayer.h" />
		<Unit filename="src/Entity/tmxparser/TmxLayer.cpp" />
		<Unit filename="src/Entity/tmxparser/TmxLayer.h" />
		<Unit filename="src/Entity/tmxparser/TmxMap.cpp" />
		<Unit filename="src/Entity/tmxparser/TmxMap.h" />
		<Unit filename="src/Entity/tmxparser/TmxMapTile.h" />
		<Unit filename="src/Entity/tmxparser/TmxObject.cpp" />
		<Unit filename="src/Entity/tmxparser/TmxObject.h" />
		<Unit filename="src/Entity/tmxparser/TmxObjectGroup.cpp" />
		<Unit filename="src/Entity/tmxparser/TmxObjectGroup.h" />
		<Unit filename="src/Entity/tmxparser/TmxPoint.h" />
		<Unit filename="src/Entity/tmxparser/TmxPolygon.cpp" />
		<Unit filename="src/Entity/tmxparser/TmxPolygon.h" />
		<Unit filename="src/Entity/tmxparser/TmxPolyline.cpp" />
		<Unit filename="src/Entity/tmxparser/TmxPolyline.h" />
		<Unit filename="src/Entity/tmxparser/TmxPropertySet.cpp" />
		<Unit filename="src/Entity/tmxparser/TmxPropertySet.h" />
		<Unit filename="src/Entity/tmxparser/TmxTerrain.cpp" />
		<Unit filename="src/Entity/tmxparser/TmxTerrain.h" />
		<Unit filename="src/Entity/tmxparser/TmxTerrainArray.cpp" />
		<Unit filename="src/Entity/tmxparser/TmxTerrainArray.h" />
		<Unit filename="src/Entity/tmxparser/TmxTile.cpp" />
		<Unit filename="src/Entity/tmxparser/TmxTile.h" />
		<Unit filename="src/Entity/tmxparser/TmxTileLayer.cpp" />
		<Unit filename="src/Entity/tmxparser/TmxTileLayer.h" />
		<Unit filename="src/Entity/tmxparser/TmxTileOffset.cpp" />
		<Unit filename="src/Entity/tmxparser/TmxTileOffset.h" />
		<Unit filename="src/Entity/tmxparser/TmxTileset.cpp" />
		<Unit filename="src/Entity/tmxparser/TmxTileset.h" />
		<Unit filename="src/Entity/tmxparser/TmxUtil.cpp" />
		<Unit filename="src/Entity/tmxparser/TmxUtil.h" />
		<Unit filename="src/Entity/tmxparser/base64/base64.cpp" />
		<Unit filename="src/Entity/tmxparser/base64/base64.h" />
		<Unit filename="src/Entity/tmxparser/miniz.c">
			<Option compilerVar="CC" />
		</Unit>
		<Unit filename="src/Game.cpp" />
		<Unit filename="src/Game.h" />
		<Unit filename="src/NessEngine/NessEngine.cpp" />
		<Unit filename="src/NessEngine/NessEngine.h" />
		<Unit filename="src/NessEngine/animators/all_animators.h" />
		<Unit filename="src/NessEngine/animators/animator_api.cpp" />
		<Unit filename="src/NessEngine/animators/animator_api.h" />
		<Unit filename="src/NessEngine/animators/animator_color_shifter.h" />
		<Unit filename="src/NessEngine/animators/animator_fader.h" />
		<Unit filename="src/NessEngine/animators/animator_mover.h" />
		<Unit filename="src/NessEngine/animators/animator_rotator.h" />
		<Unit filename="src/NessEngine/animators/animator_scaler.h" />
		<Unit filename="src/NessEngine/animators/animator_sprite.h" />
		<Unit filename="src/NessEngine/animators/animator_sprite_character.h" />
		<Unit filename="src/NessEngine/animators/animators_queue.cpp" />
		<Unit filename="src/NessEngine/animators/animators_queue.h" />
		<Unit filename="src/NessEngine/basic_types/all_basic_types.h" />
		<Unit filename="src/NessEngine/basic_types/color.h" />
		<Unit filename="src/NessEngine/basic_types/consts.cpp" />
		<Unit filename="src/NessEngine/basic_types/containers.h" />
		<Unit filename="src/NessEngine/basic_types/events.h" />
		<Unit filename="src/NessEngine/basic_types/math.h" />
		<Unit filename="src/NessEngine/basic_types/point.h" />
		<Unit filename="src/NessEngine/basic_types/pointers.h" />
		<Unit filename="src/NessEngine/basic_types/rectangle.h" />
		<Unit filename="src/NessEngine/basic_types/size.h" />
		<Unit filename="src/NessEngine/basic_types/string.h" />
		<Unit filename="src/NessEngine/exceptions/exceptions.h" />
		<Unit filename="src/NessEngine/exceptions/log.h" />
		<Unit filename="src/NessEngine/exports.h" />
		<Unit filename="src/NessEngine/gui/containers/all_containers.h" />
		<Unit filename="src/NessEngine/gui/containers/container.cpp" />
		<Unit filename="src/NessEngine/gui/containers/container.h" />
		<Unit filename="src/NessEngine/gui/containers/gui_container_api.cpp" />
		<Unit filename="src/NessEngine/gui/containers/gui_container_api.h" />
		<Unit filename="src/NessEngine/gui/containers/root_container.cpp" />
		<Unit filename="src/NessEngine/gui/containers/root_container.h" />
		<Unit filename="src/NessEngine/gui/gui_element_api.cpp" />
		<Unit filename="src/NessEngine/gui/gui_element_api.h" />
		<Unit filename="src/NessEngine/gui/gui_manager.cpp" />
		<Unit filename="src/NessEngine/gui/gui_manager.h" />
		<Unit filename="src/NessEngine/gui/widgets/all_widgets.h" />
		<Unit filename="src/NessEngine/gui/widgets/button.cpp" />
		<Unit filename="src/NessEngine/gui/widgets/button.h" />
		<Unit filename="src/NessEngine/gui/widgets/frame.cpp" />
		<Unit filename="src/NessEngine/gui/widgets/frame.h" />
		<Unit filename="src/NessEngine/gui/widgets/gui_widget_api.h" />
		<Unit filename="src/NessEngine/gui/widgets/label.cpp" />
		<Unit filename="src/NessEngine/gui/widgets/label.h" />
		<Unit filename="src/NessEngine/managed_resources/managed_font.h" />
		<Unit filename="src/NessEngine/managed_resources/managed_mask_texture.h" />
		<Unit filename="src/NessEngine/managed_resources/managed_resource.h" />
		<Unit filename="src/NessEngine/managed_resources/managed_texture.h" />
		<Unit filename="src/NessEngine/managed_resources/resources_manager.cpp" />
		<Unit filename="src/NessEngine/managed_resources/resources_manager.h" />
		<Unit filename="src/NessEngine/renderable/entities/all_entities.h" />
		<Unit filename="src/NessEngine/renderable/entities/animated_sprite.cpp" />
		<Unit filename="src/NessEngine/renderable/entities/animated_sprite.h" />
		<Unit filename="src/NessEngine/renderable/entities/canvas.cpp" />
		<Unit filename="src/NessEngine/renderable/entities/canvas.h" />
		<Unit filename="src/NessEngine/renderable/entities/entity.cpp" />
		<Unit filename="src/NessEngine/renderable/entities/entity.h" />
		<Unit filename="src/NessEngine/renderable/entities/multiline_text.cpp" />
		<Unit filename="src/NessEngine/renderable/entities/multiline_text.h" />
		<Unit filename="src/NessEngine/renderable/entities/particle.cpp" />
		<Unit filename="src/NessEngine/renderable/entities/particle.h" />
		<Unit filename="src/NessEngine/renderable/entities/shapes.cpp" />
		<Unit filename="src/NessEngine/renderable/entities/shapes.h" />
		<Unit filename="src/NessEngine/renderable/entities/sprite.cpp" />
		<Unit filename="src/NessEngine/renderable/entities/sprite.h" />
		<Unit filename="src/NessEngine/renderable/entities/text.cpp" />
		<Unit filename="src/NessEngine/renderable/entities/text.h" />
		<Unit filename="src/NessEngine/renderable/entities/texture_scroller.cpp" />
		<Unit filename="src/NessEngine/renderable/entities/texture_scroller.h" />
		<Unit filename="src/NessEngine/renderable/entity_api.cpp" />
		<Unit filename="src/NessEngine/renderable/entity_api.h" />
		<Unit filename="src/NessEngine/renderable/node_api.cpp" />
		<Unit filename="src/NessEngine/renderable/node_api.h" />
		<Unit filename="src/NessEngine/renderable/nodes/all_nodes.h" />
		<Unit filename="src/NessEngine/renderable/nodes/basic_node.cpp" />
		<Unit filename="src/NessEngine/renderable/nodes/basic_node.h" />
		<Unit filename="src/NessEngine/renderable/nodes/light_node.cpp" />
		<Unit filename="src/NessEngine/renderable/nodes/light_node.h" />
		<Unit filename="src/NessEngine/renderable/nodes/node.cpp" />
		<Unit filename="src/NessEngine/renderable/nodes/node.h" />
		<Unit filename="src/NessEngine/renderable/nodes/nodes_map.cpp" />
		<Unit filename="src/NessEngine/renderable/nodes/nodes_map.h" />
		<Unit filename="src/NessEngine/renderable/nodes/particles_node.cpp" />
		<Unit filename="src/NessEngine/renderable/nodes/particles_node.h" />
		<Unit filename="src/NessEngine/renderable/nodes/shadow_node.cpp" />
		<Unit filename="src/NessEngine/renderable/nodes/shadow_node.h" />
		<Unit filename="src/NessEngine/renderable/nodes/static_node.cpp" />
		<Unit filename="src/NessEngine/renderable/nodes/static_node.h" />
		<Unit filename="src/NessEngine/renderable/nodes/tile_map.cpp" />
		<Unit filename="src/NessEngine/renderable/nodes/tile_map.h" />
		<Unit filename="src/NessEngine/renderable/nodes/znode.cpp" />
		<Unit filename="src/NessEngine/renderable/nodes/znode.h" />
		<Unit filename="src/NessEngine/renderable/renderable_api.cpp" />
		<Unit filename="src/NessEngine/renderable/renderable_api.h" />
		<Unit filename="src/NessEngine/renderable/transformable_api.h" />
		<Unit filename="src/NessEngine/renderable/transformations.h" />
		<Unit filename="src/NessEngine/renderer/renderer.cpp" />
		<Unit filename="src/NessEngine/renderer/renderer.h" />
		<Unit filename="src/NessEngine/resources/MaskTextureSheet.cpp" />
		<Unit filename="src/NessEngine/resources/MaskTextureSheet.h" />
		<Unit filename="src/NessEngine/resources/TextureSheet.cpp" />
		<Unit filename="src/NessEngine/resources/TextureSheet.h" />
		<Unit filename="src/NessEngine/resources/font.cpp" />
		<Unit filename="src/NessEngine/resources/font.h" />
		<Unit filename="src/NessEngine/scene/camera/all_cameras.h" />
		<Unit filename="src/NessEngine/scene/camera/basic_camera.cpp" />
		<Unit filename="src/NessEngine/scene/camera/basic_camera.h" />
		<Unit filename="src/NessEngine/scene/camera/camera_api.h" />
		<Unit filename="src/NessEngine/scene/camera/follow_camera.cpp" />
		<Unit filename="src/NessEngine/scene/camera/follow_camera.h" />
		<Unit filename="src/NessEngine/scene/camera/null_camera.cpp" />
		<Unit filename="src/NessEngine/scene/camera/null_camera.h" />
		<Unit filename="src/NessEngine/scene/scene.cpp" />
		<Unit filename="src/NessEngine/scene/scene.h" />
		<Unit filename="src/NessEngine/scene/viewport.cpp" />
		<Unit filename="src/NessEngine/scene/viewport.h" />
		<Unit filename="src/NessEngine/utils/events/application_events.cpp" />
		<Unit filename="src/NessEngine/utils/events/application_events.h" />
		<Unit filename="src/NessEngine/utils/events/event_handler.h" />
		<Unit filename="src/NessEngine/utils/events/events_poller.cpp" />
		<Unit filename="src/NessEngine/utils/events/events_poller.h" />
		<Unit filename="src/NessEngine/utils/events/keyboard.cpp" />
		<Unit filename="src/NessEngine/utils/events/keyboard.h" />
		<Unit filename="src/NessEngine/utils/events/mouse.cpp" />
		<Unit filename="src/NessEngine/utils/events/mouse.h" />
		<Unit filename="src/NessEngine/utils/rendering/logo_show.cpp" />
		<Unit filename="src/NessEngine/utils/rendering/logo_show.h" />
		<Unit filename="src/States/State.cpp" />
		<Unit filename="src/States/State.h" />
		<Unit filename="src/main.cpp" />
		<Extensions>
			<code_completion />
			<envvars />
			<debugger />
			<lib_finder disable_auto="1" />
		</Extensions>
	</Project>
</CodeBlocks_project_file>
