<?xml version="1.0" encoding="UTF-8" standalone="yes" ?>
<CodeBlocks_project_file>
   <FileVersion major="1" minor="6" />
   <Project>
      <Option title="debuggame" />
      <Option makefile_is_custom="1" />
      <Option compiler="gcc" />
      <Option virtualFolders="CMake Files\;CMake Files\cmake\;" />
      <Build>
      <Target title="all">
         <Option working_dir="C:/Users/qalshidi/Documents/Git/debuggame" />
         <Option type="4" />
         <MakeCommands>
            <Build command="C:/winbuilds/bin/mingw32-make.exe -f &quot;C:/Users/qalshidi/Documents/Git/debuggame/Makefile&quot;  VERBOSE=1 all" />
            <CompileFile command="C:/winbuilds/bin/mingw32-make.exe -f &quot;C:/Users/qalshidi/Documents/Git/debuggame/Makefile&quot;  VERBOSE=1 &quot;$file&quot;" />
            <Clean command="C:/winbuilds/bin/mingw32-make.exe -f &quot;C:/Users/qalshidi/Documents/Git/debuggame/Makefile&quot;  VERBOSE=1 clean" />
            <DistClean command="C:/winbuilds/bin/mingw32-make.exe -f &quot;C:/Users/qalshidi/Documents/Git/debuggame/Makefile&quot;  VERBOSE=1 clean" />
         </MakeCommands>
      </Target>
      <Target title="edit_cache">
         <Option working_dir="C:/Users/qalshidi/Documents/Git/debuggame" />
         <Option type="4" />
         <MakeCommands>
            <Build command="C:/winbuilds/bin/mingw32-make.exe -f &quot;C:/Users/qalshidi/Documents/Git/debuggame/Makefile&quot;  VERBOSE=1 edit_cache" />
            <CompileFile command="C:/winbuilds/bin/mingw32-make.exe -f &quot;C:/Users/qalshidi/Documents/Git/debuggame/Makefile&quot;  VERBOSE=1 &quot;$file&quot;" />
            <Clean command="C:/winbuilds/bin/mingw32-make.exe -f &quot;C:/Users/qalshidi/Documents/Git/debuggame/Makefile&quot;  VERBOSE=1 clean" />
            <DistClean command="C:/winbuilds/bin/mingw32-make.exe -f &quot;C:/Users/qalshidi/Documents/Git/debuggame/Makefile&quot;  VERBOSE=1 clean" />
         </MakeCommands>
      </Target>
      <Target title="rebuild_cache">
         <Option working_dir="C:/Users/qalshidi/Documents/Git/debuggame" />
         <Option type="4" />
         <MakeCommands>
            <Build command="C:/winbuilds/bin/mingw32-make.exe -f &quot;C:/Users/qalshidi/Documents/Git/debuggame/Makefile&quot;  VERBOSE=1 rebuild_cache" />
            <CompileFile command="C:/winbuilds/bin/mingw32-make.exe -f &quot;C:/Users/qalshidi/Documents/Git/debuggame/Makefile&quot;  VERBOSE=1 &quot;$file&quot;" />
            <Clean command="C:/winbuilds/bin/mingw32-make.exe -f &quot;C:/Users/qalshidi/Documents/Git/debuggame/Makefile&quot;  VERBOSE=1 clean" />
            <DistClean command="C:/winbuilds/bin/mingw32-make.exe -f &quot;C:/Users/qalshidi/Documents/Git/debuggame/Makefile&quot;  VERBOSE=1 clean" />
         </MakeCommands>
      </Target>
      <Target title="debuggame">
         <Option output="C:/Users/qalshidi/Documents/Git/debuggame/debuggame.exe" prefix_auto="0" extension_auto="0" />
         <Option working_dir="C:/Users/qalshidi/Documents/Git/debuggame" />
         <Option object_output="./" />
         <Option type="1" />
         <Option compiler="gcc" />
         <Compiler>
            <Add option="-DSDL_MAIN_HANDLED" />
            <Add option="-DUSE_MINIZ" />
            <Add option="-DNESSENGINE_STATIC" />
            <Add directory="C:/Users/qalshidi/Documents/Git/debuggame" />
            <Add directory="C:/winbuilds/include" />
            <Add directory="C:/winbuilds/include/SDL2" />
         </Compiler>
         <MakeCommands>
            <Build command="C:/winbuilds/bin/mingw32-make.exe -f &quot;C:/Users/qalshidi/Documents/Git/debuggame/Makefile&quot;  VERBOSE=1 debuggame" />
            <CompileFile command="C:/winbuilds/bin/mingw32-make.exe -f &quot;C:/Users/qalshidi/Documents/Git/debuggame/Makefile&quot;  VERBOSE=1 &quot;$file&quot;" />
            <Clean command="C:/winbuilds/bin/mingw32-make.exe -f &quot;C:/Users/qalshidi/Documents/Git/debuggame/Makefile&quot;  VERBOSE=1 clean" />
            <DistClean command="C:/winbuilds/bin/mingw32-make.exe -f &quot;C:/Users/qalshidi/Documents/Git/debuggame/Makefile&quot;  VERBOSE=1 clean" />
         </MakeCommands>
      </Target>
      <Target title="debuggame/fast">
         <Option output="C:/Users/qalshidi/Documents/Git/debuggame/debuggame.exe" prefix_auto="0" extension_auto="0" />
         <Option working_dir="C:/Users/qalshidi/Documents/Git/debuggame" />
         <Option object_output="./" />
         <Option type="1" />
         <Option compiler="gcc" />
         <Compiler>
            <Add option="-DSDL_MAIN_HANDLED" />
            <Add option="-DUSE_MINIZ" />
            <Add option="-DNESSENGINE_STATIC" />
            <Add directory="C:/Users/qalshidi/Documents/Git/debuggame" />
            <Add directory="C:/winbuilds/include" />
            <Add directory="C:/winbuilds/include/SDL2" />
         </Compiler>
         <MakeCommands>
            <Build command="C:/winbuilds/bin/mingw32-make.exe -f &quot;C:/Users/qalshidi/Documents/Git/debuggame/Makefile&quot;  VERBOSE=1 debuggame/fast" />
            <CompileFile command="C:/winbuilds/bin/mingw32-make.exe -f &quot;C:/Users/qalshidi/Documents/Git/debuggame/Makefile&quot;  VERBOSE=1 &quot;$file&quot;" />
            <Clean command="C:/winbuilds/bin/mingw32-make.exe -f &quot;C:/Users/qalshidi/Documents/Git/debuggame/Makefile&quot;  VERBOSE=1 clean" />
            <DistClean command="C:/winbuilds/bin/mingw32-make.exe -f &quot;C:/Users/qalshidi/Documents/Git/debuggame/Makefile&quot;  VERBOSE=1 clean" />
         </MakeCommands>
      </Target>
      </Build>
      <Unit filename="C:/Users/qalshidi/Documents/Git/debuggame/src/Entity/Character.cpp">
      </Unit>
      <Unit filename="C:/Users/qalshidi/Documents/Git/debuggame/src/Entity/Entity.cpp">
      </Unit>
      <Unit filename="C:/Users/qalshidi/Documents/Git/debuggame/src/Entity/Map.cpp">
      </Unit>
      <Unit filename="C:/Users/qalshidi/Documents/Git/debuggame/src/Entity/tmxparser/TmxEllipse.cpp">
      </Unit>
      <Unit filename="C:/Users/qalshidi/Documents/Git/debuggame/src/Entity/tmxparser/TmxImage.cpp">
      </Unit>
      <Unit filename="C:/Users/qalshidi/Documents/Git/debuggame/src/Entity/tmxparser/TmxImageLayer.cpp">
      </Unit>
      <Unit filename="C:/Users/qalshidi/Documents/Git/debuggame/src/Entity/tmxparser/TmxLayer.cpp">
      </Unit>
      <Unit filename="C:/Users/qalshidi/Documents/Git/debuggame/src/Entity/tmxparser/TmxMap.cpp">
      </Unit>
      <Unit filename="C:/Users/qalshidi/Documents/Git/debuggame/src/Entity/tmxparser/TmxObject.cpp">
      </Unit>
      <Unit filename="C:/Users/qalshidi/Documents/Git/debuggame/src/Entity/tmxparser/TmxObjectGroup.cpp">
      </Unit>
      <Unit filename="C:/Users/qalshidi/Documents/Git/debuggame/src/Entity/tmxparser/TmxPolygon.cpp">
      </Unit>
      <Unit filename="C:/Users/qalshidi/Documents/Git/debuggame/src/Entity/tmxparser/TmxPolyline.cpp">
      </Unit>
      <Unit filename="C:/Users/qalshidi/Documents/Git/debuggame/src/Entity/tmxparser/TmxPropertySet.cpp">
      </Unit>
      <Unit filename="C:/Users/qalshidi/Documents/Git/debuggame/src/Entity/tmxparser/TmxTerrain.cpp">
      </Unit>
      <Unit filename="C:/Users/qalshidi/Documents/Git/debuggame/src/Entity/tmxparser/TmxTerrainArray.cpp">
      </Unit>
      <Unit filename="C:/Users/qalshidi/Documents/Git/debuggame/src/Entity/tmxparser/TmxTile.cpp">
      </Unit>
      <Unit filename="C:/Users/qalshidi/Documents/Git/debuggame/src/Entity/tmxparser/TmxTileLayer.cpp">
      </Unit>
      <Unit filename="C:/Users/qalshidi/Documents/Git/debuggame/src/Entity/tmxparser/TmxTileOffset.cpp">
      </Unit>
      <Unit filename="C:/Users/qalshidi/Documents/Git/debuggame/src/Entity/tmxparser/TmxTileset.cpp">
      </Unit>
      <Unit filename="C:/Users/qalshidi/Documents/Git/debuggame/src/Entity/tmxparser/TmxUtil.cpp">
      </Unit>
      <Unit filename="C:/Users/qalshidi/Documents/Git/debuggame/src/Entity/tmxparser/base64/base64.cpp">
      </Unit>
      <Unit filename="C:/Users/qalshidi/Documents/Git/debuggame/src/Entity/tmxparser/miniz.c">
      </Unit>
      <Unit filename="C:/Users/qalshidi/Documents/Git/debuggame/src/Game.cpp">
      </Unit>
      <Unit filename="C:/Users/qalshidi/Documents/Git/debuggame/src/NessEngine/NessEngine.cpp">
      </Unit>
      <Unit filename="C:/Users/qalshidi/Documents/Git/debuggame/src/NessEngine/animators/animator_api.cpp">
      </Unit>
      <Unit filename="C:/Users/qalshidi/Documents/Git/debuggame/src/NessEngine/animators/animators_queue.cpp">
      </Unit>
      <Unit filename="C:/Users/qalshidi/Documents/Git/debuggame/src/NessEngine/basic_types/consts.cpp">
      </Unit>
      <Unit filename="C:/Users/qalshidi/Documents/Git/debuggame/src/NessEngine/gui/containers/container.cpp">
      </Unit>
      <Unit filename="C:/Users/qalshidi/Documents/Git/debuggame/src/NessEngine/gui/containers/gui_container_api.cpp">
      </Unit>
      <Unit filename="C:/Users/qalshidi/Documents/Git/debuggame/src/NessEngine/gui/containers/root_container.cpp">
      </Unit>
      <Unit filename="C:/Users/qalshidi/Documents/Git/debuggame/src/NessEngine/gui/gui_element_api.cpp">
      </Unit>
      <Unit filename="C:/Users/qalshidi/Documents/Git/debuggame/src/NessEngine/gui/gui_manager.cpp">
      </Unit>
      <Unit filename="C:/Users/qalshidi/Documents/Git/debuggame/src/NessEngine/gui/widgets/button.cpp">
      </Unit>
      <Unit filename="C:/Users/qalshidi/Documents/Git/debuggame/src/NessEngine/gui/widgets/frame.cpp">
      </Unit>
      <Unit filename="C:/Users/qalshidi/Documents/Git/debuggame/src/NessEngine/gui/widgets/label.cpp">
      </Unit>
      <Unit filename="C:/Users/qalshidi/Documents/Git/debuggame/src/NessEngine/managed_resources/resources_manager.cpp">
      </Unit>
      <Unit filename="C:/Users/qalshidi/Documents/Git/debuggame/src/NessEngine/renderable/entities/animated_sprite.cpp">
      </Unit>
      <Unit filename="C:/Users/qalshidi/Documents/Git/debuggame/src/NessEngine/renderable/entities/canvas.cpp">
      </Unit>
      <Unit filename="C:/Users/qalshidi/Documents/Git/debuggame/src/NessEngine/renderable/entities/entity.cpp">
      </Unit>
      <Unit filename="C:/Users/qalshidi/Documents/Git/debuggame/src/NessEngine/renderable/entities/multiline_text.cpp">
      </Unit>
      <Unit filename="C:/Users/qalshidi/Documents/Git/debuggame/src/NessEngine/renderable/entities/particle.cpp">
      </Unit>
      <Unit filename="C:/Users/qalshidi/Documents/Git/debuggame/src/NessEngine/renderable/entities/shapes.cpp">
      </Unit>
      <Unit filename="C:/Users/qalshidi/Documents/Git/debuggame/src/NessEngine/renderable/entities/sprite.cpp">
      </Unit>
      <Unit filename="C:/Users/qalshidi/Documents/Git/debuggame/src/NessEngine/renderable/entities/text.cpp">
      </Unit>
      <Unit filename="C:/Users/qalshidi/Documents/Git/debuggame/src/NessEngine/renderable/entities/texture_scroller.cpp">
      </Unit>
      <Unit filename="C:/Users/qalshidi/Documents/Git/debuggame/src/NessEngine/renderable/entity_api.cpp">
      </Unit>
      <Unit filename="C:/Users/qalshidi/Documents/Git/debuggame/src/NessEngine/renderable/node_api.cpp">
      </Unit>
      <Unit filename="C:/Users/qalshidi/Documents/Git/debuggame/src/NessEngine/renderable/nodes/basic_node.cpp">
      </Unit>
      <Unit filename="C:/Users/qalshidi/Documents/Git/debuggame/src/NessEngine/renderable/nodes/light_node.cpp">
      </Unit>
      <Unit filename="C:/Users/qalshidi/Documents/Git/debuggame/src/NessEngine/renderable/nodes/node.cpp">
      </Unit>
      <Unit filename="C:/Users/qalshidi/Documents/Git/debuggame/src/NessEngine/renderable/nodes/nodes_map.cpp">
      </Unit>
      <Unit filename="C:/Users/qalshidi/Documents/Git/debuggame/src/NessEngine/renderable/nodes/particles_node.cpp">
      </Unit>
      <Unit filename="C:/Users/qalshidi/Documents/Git/debuggame/src/NessEngine/renderable/nodes/shadow_node.cpp">
      </Unit>
      <Unit filename="C:/Users/qalshidi/Documents/Git/debuggame/src/NessEngine/renderable/nodes/static_node.cpp">
      </Unit>
      <Unit filename="C:/Users/qalshidi/Documents/Git/debuggame/src/NessEngine/renderable/nodes/tile_map.cpp">
      </Unit>
      <Unit filename="C:/Users/qalshidi/Documents/Git/debuggame/src/NessEngine/renderable/nodes/znode.cpp">
      </Unit>
      <Unit filename="C:/Users/qalshidi/Documents/Git/debuggame/src/NessEngine/renderable/renderable_api.cpp">
      </Unit>
      <Unit filename="C:/Users/qalshidi/Documents/Git/debuggame/src/NessEngine/renderer/renderer.cpp">
      </Unit>
      <Unit filename="C:/Users/qalshidi/Documents/Git/debuggame/src/NessEngine/resources/MaskTextureSheet.cpp">
      </Unit>
      <Unit filename="C:/Users/qalshidi/Documents/Git/debuggame/src/NessEngine/resources/TextureSheet.cpp">
      </Unit>
      <Unit filename="C:/Users/qalshidi/Documents/Git/debuggame/src/NessEngine/resources/font.cpp">
      </Unit>
      <Unit filename="C:/Users/qalshidi/Documents/Git/debuggame/src/NessEngine/scene/camera/basic_camera.cpp">
      </Unit>
      <Unit filename="C:/Users/qalshidi/Documents/Git/debuggame/src/NessEngine/scene/camera/follow_camera.cpp">
      </Unit>
      <Unit filename="C:/Users/qalshidi/Documents/Git/debuggame/src/NessEngine/scene/camera/null_camera.cpp">
      </Unit>
      <Unit filename="C:/Users/qalshidi/Documents/Git/debuggame/src/NessEngine/scene/scene.cpp">
      </Unit>
      <Unit filename="C:/Users/qalshidi/Documents/Git/debuggame/src/NessEngine/scene/viewport.cpp">
      </Unit>
      <Unit filename="C:/Users/qalshidi/Documents/Git/debuggame/src/NessEngine/utils/events/application_events.cpp">
      </Unit>
      <Unit filename="C:/Users/qalshidi/Documents/Git/debuggame/src/NessEngine/utils/events/events_poller.cpp">
      </Unit>
      <Unit filename="C:/Users/qalshidi/Documents/Git/debuggame/src/NessEngine/utils/events/keyboard.cpp">
      </Unit>
      <Unit filename="C:/Users/qalshidi/Documents/Git/debuggame/src/NessEngine/utils/events/mouse.cpp">
      </Unit>
      <Unit filename="C:/Users/qalshidi/Documents/Git/debuggame/src/NessEngine/utils/rendering/logo_show.cpp">
      </Unit>
      <Unit filename="C:/Users/qalshidi/Documents/Git/debuggame/src/States/State.cpp">
      </Unit>
      <Unit filename="C:/Users/qalshidi/Documents/Git/debuggame/src/main.cpp">
      </Unit>
      <Unit filename="C:/Users/qalshidi/Documents/Git/debuggame/src/Entity/Character.h">
      </Unit>
      <Unit filename="C:/Users/qalshidi/Documents/Git/debuggame/src/Entity/Entity.h">
      </Unit>
      <Unit filename="C:/Users/qalshidi/Documents/Git/debuggame/src/Entity/Map.h">
      </Unit>
      <Unit filename="C:/Users/qalshidi/Documents/Git/debuggame/src/Entity/tmxparser/Tmx.h">
      </Unit>
      <Unit filename="C:/Users/qalshidi/Documents/Git/debuggame/src/Entity/tmxparser/TmxEllipse.h">
      </Unit>
      <Unit filename="C:/Users/qalshidi/Documents/Git/debuggame/src/Entity/tmxparser/TmxImage.h">
      </Unit>
      <Unit filename="C:/Users/qalshidi/Documents/Git/debuggame/src/Entity/tmxparser/TmxImageLayer.h">
      </Unit>
      <Unit filename="C:/Users/qalshidi/Documents/Git/debuggame/src/Entity/tmxparser/TmxLayer.h">
      </Unit>
      <Unit filename="C:/Users/qalshidi/Documents/Git/debuggame/src/Entity/tmxparser/TmxMap.h">
      </Unit>
      <Unit filename="C:/Users/qalshidi/Documents/Git/debuggame/src/Entity/tmxparser/TmxMapTile.h">
      </Unit>
      <Unit filename="C:/Users/qalshidi/Documents/Git/debuggame/src/Entity/tmxparser/TmxObject.h">
      </Unit>
      <Unit filename="C:/Users/qalshidi/Documents/Git/debuggame/src/Entity/tmxparser/TmxObjectGroup.h">
      </Unit>
      <Unit filename="C:/Users/qalshidi/Documents/Git/debuggame/src/Entity/tmxparser/TmxPoint.h">
      </Unit>
      <Unit filename="C:/Users/qalshidi/Documents/Git/debuggame/src/Entity/tmxparser/TmxPolygon.h">
      </Unit>
      <Unit filename="C:/Users/qalshidi/Documents/Git/debuggame/src/Entity/tmxparser/TmxPolyline.h">
      </Unit>
      <Unit filename="C:/Users/qalshidi/Documents/Git/debuggame/src/Entity/tmxparser/TmxPropertySet.h">
      </Unit>
      <Unit filename="C:/Users/qalshidi/Documents/Git/debuggame/src/Entity/tmxparser/TmxTerrain.h">
      </Unit>
      <Unit filename="C:/Users/qalshidi/Documents/Git/debuggame/src/Entity/tmxparser/TmxTerrainArray.h">
      </Unit>
      <Unit filename="C:/Users/qalshidi/Documents/Git/debuggame/src/Entity/tmxparser/TmxTile.h">
      </Unit>
      <Unit filename="C:/Users/qalshidi/Documents/Git/debuggame/src/Entity/tmxparser/TmxTileLayer.h">
      </Unit>
      <Unit filename="C:/Users/qalshidi/Documents/Git/debuggame/src/Entity/tmxparser/TmxTileOffset.h">
      </Unit>
      <Unit filename="C:/Users/qalshidi/Documents/Git/debuggame/src/Entity/tmxparser/TmxTileset.h">
      </Unit>
      <Unit filename="C:/Users/qalshidi/Documents/Git/debuggame/src/Entity/tmxparser/TmxUtil.h">
      </Unit>
      <Unit filename="C:/Users/qalshidi/Documents/Git/debuggame/src/Entity/tmxparser/base64/base64.h">
      </Unit>
      <Unit filename="C:/Users/qalshidi/Documents/Git/debuggame/src/Game.h">
      </Unit>
      <Unit filename="C:/Users/qalshidi/Documents/Git/debuggame/src/NessEngine/NessEngine.h">
      </Unit>
      <Unit filename="C:/Users/qalshidi/Documents/Git/debuggame/src/NessEngine/animators/all_animators.h">
      </Unit>
      <Unit filename="C:/Users/qalshidi/Documents/Git/debuggame/src/NessEngine/animators/animator_api.h">
      </Unit>
      <Unit filename="C:/Users/qalshidi/Documents/Git/debuggame/src/NessEngine/animators/animator_color_shifter.h">
      </Unit>
      <Unit filename="C:/Users/qalshidi/Documents/Git/debuggame/src/NessEngine/animators/animator_fader.h">
      </Unit>
      <Unit filename="C:/Users/qalshidi/Documents/Git/debuggame/src/NessEngine/animators/animator_mover.h">
      </Unit>
      <Unit filename="C:/Users/qalshidi/Documents/Git/debuggame/src/NessEngine/animators/animator_rotator.h">
      </Unit>
      <Unit filename="C:/Users/qalshidi/Documents/Git/debuggame/src/NessEngine/animators/animator_scaler.h">
      </Unit>
      <Unit filename="C:/Users/qalshidi/Documents/Git/debuggame/src/NessEngine/animators/animator_sprite.h">
      </Unit>
      <Unit filename="C:/Users/qalshidi/Documents/Git/debuggame/src/NessEngine/animators/animator_sprite_character.h">
      </Unit>
      <Unit filename="C:/Users/qalshidi/Documents/Git/debuggame/src/NessEngine/animators/animators_queue.h">
      </Unit>
      <Unit filename="C:/Users/qalshidi/Documents/Git/debuggame/src/NessEngine/basic_types/all_basic_types.h">
      </Unit>
      <Unit filename="C:/Users/qalshidi/Documents/Git/debuggame/src/NessEngine/basic_types/color.h">
      </Unit>
      <Unit filename="C:/Users/qalshidi/Documents/Git/debuggame/src/NessEngine/basic_types/containers.h">
      </Unit>
      <Unit filename="C:/Users/qalshidi/Documents/Git/debuggame/src/NessEngine/basic_types/events.h">
      </Unit>
      <Unit filename="C:/Users/qalshidi/Documents/Git/debuggame/src/NessEngine/basic_types/math.h">
      </Unit>
      <Unit filename="C:/Users/qalshidi/Documents/Git/debuggame/src/NessEngine/basic_types/point.h">
      </Unit>
      <Unit filename="C:/Users/qalshidi/Documents/Git/debuggame/src/NessEngine/basic_types/pointers.h">
      </Unit>
      <Unit filename="C:/Users/qalshidi/Documents/Git/debuggame/src/NessEngine/basic_types/rectangle.h">
      </Unit>
      <Unit filename="C:/Users/qalshidi/Documents/Git/debuggame/src/NessEngine/basic_types/size.h">
      </Unit>
      <Unit filename="C:/Users/qalshidi/Documents/Git/debuggame/src/NessEngine/basic_types/string.h">
      </Unit>
      <Unit filename="C:/Users/qalshidi/Documents/Git/debuggame/src/NessEngine/exceptions/exceptions.h">
      </Unit>
      <Unit filename="C:/Users/qalshidi/Documents/Git/debuggame/src/NessEngine/exceptions/log.h">
      </Unit>
      <Unit filename="C:/Users/qalshidi/Documents/Git/debuggame/src/NessEngine/exports.h">
      </Unit>
      <Unit filename="C:/Users/qalshidi/Documents/Git/debuggame/src/NessEngine/gui/containers/all_containers.h">
      </Unit>
      <Unit filename="C:/Users/qalshidi/Documents/Git/debuggame/src/NessEngine/gui/containers/container.h">
      </Unit>
      <Unit filename="C:/Users/qalshidi/Documents/Git/debuggame/src/NessEngine/gui/containers/gui_container_api.h">
      </Unit>
      <Unit filename="C:/Users/qalshidi/Documents/Git/debuggame/src/NessEngine/gui/containers/root_container.h">
      </Unit>
      <Unit filename="C:/Users/qalshidi/Documents/Git/debuggame/src/NessEngine/gui/gui_element_api.h">
      </Unit>
      <Unit filename="C:/Users/qalshidi/Documents/Git/debuggame/src/NessEngine/gui/gui_manager.h">
      </Unit>
      <Unit filename="C:/Users/qalshidi/Documents/Git/debuggame/src/NessEngine/gui/widgets/all_widgets.h">
      </Unit>
      <Unit filename="C:/Users/qalshidi/Documents/Git/debuggame/src/NessEngine/gui/widgets/button.h">
      </Unit>
      <Unit filename="C:/Users/qalshidi/Documents/Git/debuggame/src/NessEngine/gui/widgets/frame.h">
      </Unit>
      <Unit filename="C:/Users/qalshidi/Documents/Git/debuggame/src/NessEngine/gui/widgets/gui_widget_api.h">
      </Unit>
      <Unit filename="C:/Users/qalshidi/Documents/Git/debuggame/src/NessEngine/gui/widgets/label.h">
      </Unit>
      <Unit filename="C:/Users/qalshidi/Documents/Git/debuggame/src/NessEngine/managed_resources/managed_font.h">
      </Unit>
      <Unit filename="C:/Users/qalshidi/Documents/Git/debuggame/src/NessEngine/managed_resources/managed_mask_texture.h">
      </Unit>
      <Unit filename="C:/Users/qalshidi/Documents/Git/debuggame/src/NessEngine/managed_resources/managed_resource.h">
      </Unit>
      <Unit filename="C:/Users/qalshidi/Documents/Git/debuggame/src/NessEngine/managed_resources/managed_texture.h">
      </Unit>
      <Unit filename="C:/Users/qalshidi/Documents/Git/debuggame/src/NessEngine/managed_resources/resources_manager.h">
      </Unit>
      <Unit filename="C:/Users/qalshidi/Documents/Git/debuggame/src/NessEngine/renderable/entities/all_entities.h">
      </Unit>
      <Unit filename="C:/Users/qalshidi/Documents/Git/debuggame/src/NessEngine/renderable/entities/animated_sprite.h">
      </Unit>
      <Unit filename="C:/Users/qalshidi/Documents/Git/debuggame/src/NessEngine/renderable/entities/canvas.h">
      </Unit>
      <Unit filename="C:/Users/qalshidi/Documents/Git/debuggame/src/NessEngine/renderable/entities/entity.h">
      </Unit>
      <Unit filename="C:/Users/qalshidi/Documents/Git/debuggame/src/NessEngine/renderable/entities/multiline_text.h">
      </Unit>
      <Unit filename="C:/Users/qalshidi/Documents/Git/debuggame/src/NessEngine/renderable/entities/particle.h">
      </Unit>
      <Unit filename="C:/Users/qalshidi/Documents/Git/debuggame/src/NessEngine/renderable/entities/shapes.h">
      </Unit>
      <Unit filename="C:/Users/qalshidi/Documents/Git/debuggame/src/NessEngine/renderable/entities/sprite.h">
      </Unit>
      <Unit filename="C:/Users/qalshidi/Documents/Git/debuggame/src/NessEngine/renderable/entities/text.h">
      </Unit>
      <Unit filename="C:/Users/qalshidi/Documents/Git/debuggame/src/NessEngine/renderable/entities/texture_scroller.h">
      </Unit>
      <Unit filename="C:/Users/qalshidi/Documents/Git/debuggame/src/NessEngine/renderable/entity_api.h">
      </Unit>
      <Unit filename="C:/Users/qalshidi/Documents/Git/debuggame/src/NessEngine/renderable/node_api.h">
      </Unit>
      <Unit filename="C:/Users/qalshidi/Documents/Git/debuggame/src/NessEngine/renderable/nodes/all_nodes.h">
      </Unit>
      <Unit filename="C:/Users/qalshidi/Documents/Git/debuggame/src/NessEngine/renderable/nodes/basic_node.h">
      </Unit>
      <Unit filename="C:/Users/qalshidi/Documents/Git/debuggame/src/NessEngine/renderable/nodes/light_node.h">
      </Unit>
      <Unit filename="C:/Users/qalshidi/Documents/Git/debuggame/src/NessEngine/renderable/nodes/node.h">
      </Unit>
      <Unit filename="C:/Users/qalshidi/Documents/Git/debuggame/src/NessEngine/renderable/nodes/nodes_map.h">
      </Unit>
      <Unit filename="C:/Users/qalshidi/Documents/Git/debuggame/src/NessEngine/renderable/nodes/particles_node.h">
      </Unit>
      <Unit filename="C:/Users/qalshidi/Documents/Git/debuggame/src/NessEngine/renderable/nodes/shadow_node.h">
      </Unit>
      <Unit filename="C:/Users/qalshidi/Documents/Git/debuggame/src/NessEngine/renderable/nodes/static_node.h">
      </Unit>
      <Unit filename="C:/Users/qalshidi/Documents/Git/debuggame/src/NessEngine/renderable/nodes/tile_map.h">
      </Unit>
      <Unit filename="C:/Users/qalshidi/Documents/Git/debuggame/src/NessEngine/renderable/nodes/znode.h">
      </Unit>
      <Unit filename="C:/Users/qalshidi/Documents/Git/debuggame/src/NessEngine/renderable/renderable_api.h">
      </Unit>
      <Unit filename="C:/Users/qalshidi/Documents/Git/debuggame/src/NessEngine/renderable/transformable_api.h">
      </Unit>
      <Unit filename="C:/Users/qalshidi/Documents/Git/debuggame/src/NessEngine/renderable/transformations.h">
      </Unit>
      <Unit filename="C:/Users/qalshidi/Documents/Git/debuggame/src/NessEngine/renderer/renderer.h">
      </Unit>
      <Unit filename="C:/Users/qalshidi/Documents/Git/debuggame/src/NessEngine/resources/MaskTextureSheet.h">
      </Unit>
      <Unit filename="C:/Users/qalshidi/Documents/Git/debuggame/src/NessEngine/resources/TextureSheet.h">
      </Unit>
      <Unit filename="C:/Users/qalshidi/Documents/Git/debuggame/src/NessEngine/resources/font.h">
      </Unit>
      <Unit filename="C:/Users/qalshidi/Documents/Git/debuggame/src/NessEngine/scene/camera/all_cameras.h">
      </Unit>
      <Unit filename="C:/Users/qalshidi/Documents/Git/debuggame/src/NessEngine/scene/camera/basic_camera.h">
      </Unit>
      <Unit filename="C:/Users/qalshidi/Documents/Git/debuggame/src/NessEngine/scene/camera/camera_api.h">
      </Unit>
      <Unit filename="C:/Users/qalshidi/Documents/Git/debuggame/src/NessEngine/scene/camera/follow_camera.h">
      </Unit>
      <Unit filename="C:/Users/qalshidi/Documents/Git/debuggame/src/NessEngine/scene/camera/null_camera.h">
      </Unit>
      <Unit filename="C:/Users/qalshidi/Documents/Git/debuggame/src/NessEngine/scene/scene.h">
      </Unit>
      <Unit filename="C:/Users/qalshidi/Documents/Git/debuggame/src/NessEngine/scene/viewport.h">
      </Unit>
      <Unit filename="C:/Users/qalshidi/Documents/Git/debuggame/src/NessEngine/utils/events/application_events.h">
      </Unit>
      <Unit filename="C:/Users/qalshidi/Documents/Git/debuggame/src/NessEngine/utils/events/event_handler.h">
      </Unit>
      <Unit filename="C:/Users/qalshidi/Documents/Git/debuggame/src/NessEngine/utils/events/events_poller.h">
      </Unit>
      <Unit filename="C:/Users/qalshidi/Documents/Git/debuggame/src/NessEngine/utils/events/keyboard.h">
      </Unit>
      <Unit filename="C:/Users/qalshidi/Documents/Git/debuggame/src/NessEngine/utils/events/mouse.h">
      </Unit>
      <Unit filename="C:/Users/qalshidi/Documents/Git/debuggame/src/NessEngine/utils/rendering/logo_show.h">
      </Unit>
      <Unit filename="C:/Users/qalshidi/Documents/Git/debuggame/src/States/State.h">
      </Unit>
      <Unit filename="C:/Users/qalshidi/Documents/Git/debuggame/CMakeLists.txt">
          <Option virtualFolder="CMake Files\" />
      </Unit>
      <Unit filename="C:/Users/qalshidi/Documents/Git/debuggame/cmake/FindTinyXML2.cmake">
          <Option virtualFolder="CMake Files\cmake\" />
      </Unit>
      <Unit filename="C:/Users/qalshidi/Documents/Git/debuggame/cmake/FindSDL2.cmake">
          <Option virtualFolder="CMake Files\cmake\" />
      </Unit>
      <Unit filename="C:/Users/qalshidi/Documents/Git/debuggame/cmake/FindSDL2_image.cmake">
          <Option virtualFolder="CMake Files\cmake\" />
      </Unit>
      <Unit filename="C:/Users/qalshidi/Documents/Git/debuggame/cmake/FindSDL2_ttf.cmake">
          <Option virtualFolder="CMake Files\cmake\" />
      </Unit>
   </Project>
</CodeBlocks_project_file>
